{
  "version": 1,
  "dependencies": {
    "net10.0": {
      "AngleSharp": {
        "type": "Direct",
        "requested": "[1.8.3, )",
        "resolved": "1.8.3",
        "contentHash": "IiXdbBHzeKRUDayOFT/5nAqkY7Tqbtzr9dqoWrsfseLRs2r1j94qP8MmKnfs9aX+WHucmlmX8xq9QosIUJ/sbA=="
      },
      "civiclens.collection.contracts": {
        "type": "Project"
      }
    }
  }
}